hash: 61fb2798cdc021712baede3ac32200ff01b97af70dd1c110a424db849533548d
updated: 2018-01-30T17:16:25.594366+07:00
imports:
- name: github.com/beefsack/go-rate
  version: de575b104f4218f4aebdc95ba56f61f38d0dad86
- name: github.com/bwmarrin/discordgo
  version: 4a33b9bc7c56cfdb9bb244e33e83cb3941fe2bdc
- name: github.com/golang/protobuf
  version: 925541529c1fa6821df4e44ce2723319eb2be768
  subpackages:
  - proto
- name: github.com/google/go-querystring
  version: 53e6ce116135b80d037921a7fdd5138cf32d7a8a
  subpackages:
  - query
- name: github.com/gorilla/websocket
  version: 91f589db023d66e4aba7112d44cc0d2fb091c553
- name: github.com/joho/godotenv
  version: 9d9ddadf44b4c17c42bafdc530ddeee1927c067d
- name: github.com/jzelinskie/geddit
  version: f75101e39ffed7ec9596d6929a8d85bb86223339
- name: golang.org/x/crypto
  version: 1875d0a70c90e57f11972aefd42276df65e895b9
  subpackages:
  - nacl/secretbox
  - poly1305
  - salsa20/salsa
- name: golang.org/x/net
  version: 0ed95abb35c445290478a5348a7b38bb154135fd
  subpackages:
  - context
  - context/ctxhttp
- name: golang.org/x/oauth2
  version: a032972e28060ca4f5644acffae3dfc268cc09db
  subpackages:
  - internal
- name: google.golang.org/appengine
  version: 5bee14b453b4c71be47ec1781b0fa61c2ea182db
  subpackages:
  - internal
  - internal/base
  - internal/datastore
  - internal/log
  - internal/remote_api
  - internal/urlfetch
  - urlfetch
testImports: []
